
Microsoft Visual Studio Solution File, Format Version 12.00
# Visual Studio 15
VisualStudioVersion = 15.0.27703.2000
MinimumVisualStudioVersion = 10.0.40219.1
Project("{FAE04EC0-301F-11D3-BF4B-00C04F79EFBC}") = "CityLookUpAPI", "CityLookUpAPI\CityLookUpAPI.csproj", "{0C6B61F8-B2FE-4A5D-89F8-6B1910DC0E50}"
EndProject
Project("{FAE04EC0-301F-11D3-BF4B-00C04F79EFBC}") = "CityLookupHelper", "CityLookupHelper\CityLookupHelper.csproj", "{5AFDD4C8-8ECB-4244-AC45-EFA1B103AEB8}"
EndProject
Project("{FAE04EC0-301F-11D3-BF4B-00C04F79EFBC}") = "CitySearchTests", "CitySearchTests\CitySearchTests.csproj", "{FA522999-BDA7-4A88-A6AF-06D81CDF1E7A}"
EndProject
Project("{FAE04EC0-301F-11D3-BF4B-00C04F79EFBC}") = "SearchService", "..\SearchService\SearchService\SearchService.csproj", "{B7316174-B5F6-47ED-A3E1-8A5B2C79F314}"
EndProject
Global
	GlobalSection(SolutionConfigurationPlatforms) = preSolution
		Debug|Any CPU = Debug|Any CPU
		Release|Any CPU = Release|Any CPU
	EndGlobalSection
	GlobalSection(ProjectConfigurationPlatforms) = postSolution
		{0C6B61F8-B2FE-4A5D-89F8-6B1910DC0E50}.Debug|Any CPU.ActiveCfg = Debug|Any CPU
		{0C6B61F8-B2FE-4A5D-89F8-6B1910DC0E50}.Debug|Any CPU.Build.0 = Debug|Any CPU
		{0C6B61F8-B2FE-4A5D-89F8-6B1910DC0E50}.Release|Any CPU.ActiveCfg = Release|Any CPU
		{0C6B61F8-B2FE-4A5D-89F8-6B1910DC0E50}.Release|Any CPU.Build.0 = Release|Any CPU
		{5AFDD4C8-8ECB-4244-AC45-EFA1B103AEB8}.Debug|Any CPU.ActiveCfg = Debug|Any CPU
		{5AFDD4C8-8ECB-4244-AC45-EFA1B103AEB8}.Debug|Any CPU.Build.0 = Debug|Any CPU
		{5AFDD4C8-8ECB-4244-AC45-EFA1B103AEB8}.Release|Any CPU.ActiveCfg = Release|Any CPU
		{5AFDD4C8-8ECB-4244-AC45-EFA1B103AEB8}.Release|Any CPU.Build.0 = Release|Any CPU
		{FA522999-BDA7-4A88-A6AF-06D81CDF1E7A}.Debug|Any CPU.ActiveCfg = Debug|Any CPU
		{FA522999-BDA7-4A88-A6AF-06D81CDF1E7A}.Debug|Any CPU.Build.0 = Debug|Any CPU
		{FA522999-BDA7-4A88-A6AF-06D81CDF1E7A}.Release|Any CPU.ActiveCfg = Release|Any CPU
		{FA522999-BDA7-4A88-A6AF-06D81CDF1E7A}.Release|Any CPU.Build.0 = Release|Any CPU
		{B7316174-B5F6-47ED-A3E1-8A5B2C79F314}.Debug|Any CPU.ActiveCfg = Debug|Any CPU
		{B7316174-B5F6-47ED-A3E1-8A5B2C79F314}.Debug|Any CPU.Build.0 = Debug|Any CPU
		{B7316174-B5F6-47ED-A3E1-8A5B2C79F314}.Release|Any CPU.ActiveCfg = Release|Any CPU
		{B7316174-B5F6-47ED-A3E1-8A5B2C79F314}.Release|Any CPU.Build.0 = Release|Any CPU
	EndGlobalSection
	GlobalSection(SolutionProperties) = preSolution
		HideSolutionNode = FALSE
	EndGlobalSection
	GlobalSection(ExtensibilityGlobals) = postSolution
		SolutionGuid = {A91EFDDB-557A-4C01-B10A-ED6C88FA2550}
	EndGlobalSection
EndGlobal
